// !$*UTF8*$!
{
	archiveVersion = 1;
	classes = {
	};
	objectVersion = 56;
	objects = {

/* Begin PBXBuildFile section */
		3E97E1732962C16C007C1F14 /* AppDelegate.swift in Sources */ = {isa = PBXBuildFile; fileRef = 3E97E1722962C16C007C1F14 /* AppDelegate.swift */; };
		3E97E1752962C16C007C1F14 /* SceneDelegate.swift in Sources */ = {isa = PBXBuildFile; fileRef = 3E97E1742962C16C007C1F14 /* SceneDelegate.swift */; };
		3E97E1772962C16C007C1F14 /* ViewController.swift in Sources */ = {isa = PBXBuildFile; fileRef = 3E97E1762962C16C007C1F14 /* ViewController.swift */; };
		3E97E17A2962C16C007C1F14 /* Main.storyboard in Resources */ = {isa = PBXBuildFile; fileRef = 3E97E1782962C16C007C1F14 /* Main.storyboard */; };
		3E97E17C2962C16D007C1F14 /* Assets.xcassets in Resources */ = {isa = PBXBuildFile; fileRef = 3E97E17B2962C16D007C1F14 /* Assets.xcassets */; };
		3E97E17F2962C16D007C1F14 /* LaunchScreen.storyboard in Resources */ = {isa = PBXBuildFile; fileRef = 3E97E17D2962C16D007C1F14 /* LaunchScreen.storyboard */; };
		3E97E18A2962C16D007C1F14 /* WordleTests.swift in Sources */ = {isa = PBXBuildFile; fileRef = 3E97E1892962C16D007C1F14 /* WordleTests.swift */; };
		3E97E1942962C16D007C1F14 /* WordleUITests.swift in Sources */ = {isa = PBXBuildFile; fileRef = 3E97E1932962C16D007C1F14 /* WordleUITests.swift */; };
		3E97E1962962C16D007C1F14 /* WordleUITestsLaunchTests.swift in Sources */ = {isa = PBXBuildFile; fileRef = 3E97E1952962C16D007C1F14 /* WordleUITestsLaunchTests.swift */; };
		3E97E1A52962C348007C1F14 /* KeyboardViewController.swift in Sources */ = {isa = PBXBuildFile; fileRef = 3E97E1A42962C348007C1F14 /* KeyboardViewController.swift */; };
		3E97E1A72962C381007C1F14 /* BoardViewController.swift in Sources */ = {isa = PBXBuildFile; fileRef = 3E97E1A62962C381007C1F14 /* BoardViewController.swift */; };
		3E97E1A92962EA08007C1F14 /* KeyCell.swift in Sources */ = {isa = PBXBuildFile; fileRef = 3E97E1A82962EA08007C1F14 /* KeyCell.swift */; };
/* End PBXBuildFile section */

/* Begin PBXContainerItemProxy section */
		3E97E1862962C16D007C1F14 /* PBXContainerItemProxy */ = {
			isa = PBXContainerItemProxy;
			containerPortal = 3E97E1672962C16C007C1F14 /* Project object */;
			proxyType = 1;
			remoteGlobalIDString = 3E97E16E2962C16C007C1F14;
			remoteInfo = Wordle;
		};
		3E97E1902962C16D007C1F14 /* PBXContainerItemProxy */ = {
			isa = PBXContainerItemProxy;
			containerPortal = 3E97E1672962C16C007C1F14 /* Project object */;
			proxyType = 1;
			remoteGlobalIDString = 3E97E16E2962C16C007C1F14;
			remoteInfo = Wordle;
		};
/* End PBXContainerItemProxy section */

/* Begin PBXFileReference section */
		3E97E16F2962C16C007C1F14 /* Wordle.app */ = {isa = PBXFileReference; explicitFileType = wrapper.application; includeInIndex = 0; path = Wordle.app; sourceTree = BUILT_PRODUCTS_DIR; };
		3E97E1722962C16C007C1F14 /* AppDelegate.swift */ = {isa = PBXFileReference; lastKnownFileType = sourcecode.swift; path = AppDelegate.swift; sourceTree = "<group>"; };
		3E97E1742962C16C007C1F14 /* SceneDelegate.swift */ = {isa = PBXFileReference; lastKnownFileType = sourcecode.swift; path = SceneDelegate.swift; sourceTree = "<group>"; };
		3E97E1762962C16C007C1F14 /* ViewController.swift */ = {isa = PBXFileReference; lastKnownFileType = sourcecode.swift; path = ViewController.swift; sourceTree = "<group>"; };
		3E97E1792962C16C007C1F14 /* Base */ = {isa = PBXFileReference; lastKnownFileType = file.storyboard; name = Base; path = Base.lproj/Main.storyboard; sourceTree = "<group>"; };
		3E97E17B2962C16D007C1F14 /* Assets.xcassets */ = {isa = PBXFileReference; lastKnownFileType = folder.assetcatalog; path = Assets.xcassets; sourceTree = "<group>"; };
		3E97E17E2962C16D007C1F14 /* Base */ = {isa = PBXFileReference; lastKnownFileType = file.storyboard; name = Base; path = Base.lproj/LaunchScreen.storyboard; sourceTree = "<group>"; };
		3E97E1802962C16D007C1F14 /* Info.plist */ = {isa = PBXFileReference; lastKnownFileType = text.plist.xml; path = Info.plist; sourceTree = "<group>"; };
		3E97E1852962C16D007C1F14 /* WordleTests.xctest */ = {isa = PBXFileReference; explicitFileType = wrapper.cfbundle; includeInIndex = 0; path = WordleTests.xctest; sourceTree = BUILT_PRODUCTS_DIR; };
		3E97E1892962C16D007C1F14 /* WordleTests.swift */ = {isa = PBXFileReference; lastKnownFileType = sourcecode.swift; path = WordleTests.swift; sourceTree = "<group>"; };
		3E97E18F2962C16D007C1F14 /* WordleUITests.xctest */ = {isa = PBXFileReference; explicitFileType = wrapper.cfbundle; includeInIndex = 0; path = WordleUITests.xctest; sourceTree = BUILT_PRODUCTS_DIR; };
		3E97E1932962C16D007C1F14 /* WordleUITests.swift */ = {isa = PBXFileReference; lastKnownFileType = sourcecode.swift; path = WordleUITests.swift; sourceTree = "<group>"; };
		3E97E1952962C16D007C1F14 /* WordleUITestsLaunchTests.swift */ = {isa = PBXFileReference; lastKnownFileType = sourcecode.swift; path = WordleUITestsLaunchTests.swift; sourceTree = "<group>"; };
		3E97E1A42962C348007C1F14 /* KeyboardViewController.swift */ = {isa = PBXFileReference; lastKnownFileType = sourcecode.swift; path = KeyboardViewController.swift; sourceTree = "<group>"; };
		3E97E1A62962C381007C1F14 /* BoardViewController.swift */ = {isa = PBXFileReference; lastKnownFileType = sourcecode.swift; path = BoardViewController.swift; sourceTree = "<group>"; };
		3E97E1A82962EA08007C1F14 /* KeyCell.swift */ = {isa = PBXFileReference; lastKnownFileType = sourcecode.swift; path = KeyCell.swift; sourceTree = "<group>"; };
/* End PBXFileReference section */

/* Begin PBXFrameworksBuildPhase section */
		3E97E16C2962C16C007C1F14 /* Frameworks */ = {
			isa = PBXFrameworksBuildPhase;
			buildActionMask = 2147483647;
			files = (
			);
			runOnlyForDeploymentPostprocessing = 0;
		};
		3E97E1822962C16D007C1F14 /* Frameworks */ = {
			isa = PBXFrameworksBuildPhase;
			buildActionMask = 2147483647;
			files = (
			);
			runOnlyForDeploymentPostprocessing = 0;
		};
		3E97E18C2962C16D007C1F14 /* Frameworks */ = {
			isa = PBXFrameworksBuildPhase;
			buildActionMask = 2147483647;
			files = (
			);
			runOnlyForDeploymentPostprocessing = 0;
		};
/* End PBXFrameworksBuildPhase section */

/* Begin PBXGroup section */
		3E97E1662962C16C007C1F14 = {
			isa = PBXGroup;
			children = (
				3E97E1712962C16C007C1F14 /* Wordle */,
				3E97E1882962C16D007C1F14 /* WordleTests */,
				3E97E1922962C16D007C1F14 /* WordleUITests */,
				3E97E1702962C16C007C1F14 /* Products */,
			);
			sourceTree = "<group>";
		};
		3E97E1702962C16C007C1F14 /* Products */ = {
			isa = PBXGroup;
			children = (
				3E97E16F2962C16C007C1F14 /* Wordle.app */,
				3E97E1852962C16D007C1F14 /* WordleTests.xctest */,
				3E97E18F2962C16D007C1F14 /* WordleUITests.xctest */,
			);
			name = Products;
			sourceTree = "<group>";
		};
		3E97E1712962C16C007C1F14 /* Wordle */ = {
			isa = PBXGroup;
			children = (
				3E97E1A32962C27F007C1F14 /* Other */,
				3E97E1A22962C26E007C1F14 /* Core */,
				3E97E1802962C16D007C1F14 /* Info.plist */,
			);
			path = Wordle;
			sourceTree = "<group>";
		};
		3E97E1882962C16D007C1F14 /* WordleTests */ = {
			isa = PBXGroup;
			children = (
				3E97E1892962C16D007C1F14 /* WordleTests.swift */,
			);
			path = WordleTests;
			sourceTree = "<group>";
		};
		3E97E1922962C16D007C1F14 /* WordleUITests */ = {
			isa = PBXGroup;
			children = (
				3E97E1932962C16D007C1F14 /* WordleUITests.swift */,
				3E97E1952962C16D007C1F14 /* WordleUITestsLaunchTests.swift */,
			);
			path = WordleUITests;
			sourceTree = "<group>";
		};
		3E97E1A22962C26E007C1F14 /* Core */ = {
			isa = PBXGroup;
			children = (
				3E97E1762962C16C007C1F14 /* ViewController.swift */,
				3E97E1A42962C348007C1F14 /* KeyboardViewController.swift */,
				3E97E1A62962C381007C1F14 /* BoardViewController.swift */,
				3E97E1A82962EA08007C1F14 /* KeyCell.swift */,
			);
			path = Core;
			sourceTree = "<group>";
		};
		3E97E1A32962C27F007C1F14 /* Other */ = {
			isa = PBXGroup;
			children = (
				3E97E1722962C16C007C1F14 /* AppDelegate.swift */,
				3E97E1742962C16C007C1F14 /* SceneDelegate.swift */,
				3E97E1782962C16C007C1F14 /* Main.storyboard */,
				3E97E17B2962C16D007C1F14 /* Assets.xcassets */,
				3E97E17D2962C16D007C1F14 /* LaunchScreen.storyboard */,
			);
			path = Other;
			sourceTree = "<group>";
		};
/* End PBXGroup section */

/* Begin PBXNativeTarget section */
		3E97E16E2962C16C007C1F14 /* Wordle */ = {
			isa = PBXNativeTarget;
			buildConfigurationList = 3E97E1992962C16D007C1F14 /* Build configuration list for PBXNativeTarget "Wordle" */;
			buildPhases = (
				3E97E16B2962C16C007C1F14 /* Sources */,
				3E97E16C2962C16C007C1F14 /* Frameworks */,
				3E97E16D2962C16C007C1F14 /* Resources */,
			);
			buildRules = (
			);
			dependencies = (
			);
			name = Wordle;
			productName = Wordle;
			productReference = 3E97E16F2962C16C007C1F14 /* Wordle.app */;
			productType = "com.apple.product-type.application";
		};
		3E97E1842962C16D007C1F14 /* WordleTests */ = {
			isa = PBXNativeTarget;
			buildConfigurationList = 3E97E19C2962C16D007C1F14 /* Build configuration list for PBXNativeTarget "WordleTests" */;
			buildPhases = (
				3E97E1812962C16D007C1F14 /* Sources */,
				3E97E1822962C16D007C1F14 /* Frameworks */,
				3E97E1832962C16D007C1F14 /* Resources */,
			);
			buildRules = (
			);
			dependencies = (
				3E97E1872962C16D007C1F14 /* PBXTargetDependency */,
			);
			name = WordleTests;
			productName = WordleTests;
			productReference = 3E97E1852962C16D007C1F14 /* WordleTests.xctest */;
			productType = "com.apple.product-type.bundle.unit-test";
		};
		3E97E18E2962C16D007C1F14 /* WordleUITests */ = {
			isa = PBXNativeTarget;
			buildConfigurationList = 3E97E19F2962C16D007C1F14 /* Build configuration list for PBXNativeTarget "WordleUITests" */;
			buildPhases = (
				3E97E18B2962C16D007C1F14 /* Sources */,
				3E97E18C2962C16D007C1F14 /* Frameworks */,
				3E97E18D2962C16D007C1F14 /* Resources */,
			);
			buildRules = (
			);
			dependencies = (
				3E97E1912962C16D007C1F14 /* PBXTargetDependency */,
			);
			name = WordleUITests;
			productName = WordleUITests;
			productReference = 3E97E18F2962C16D007C1F14 /* WordleUITests.xctest */;
			productType = "com.apple.product-type.bundle.ui-testing";
		};
/* End PBXNativeTarget section */

/* Begin PBXProject section */
		3E97E1672962C16C007C1F14 /* Project object */ = {
			isa = PBXProject;
			attributes = {
				BuildIndependentTargetsInParallel = 1;
				LastSwiftUpdateCheck = 1410;
				LastUpgradeCheck = 1410;
				TargetAttributes = {
					3E97E16E2962C16C007C1F14 = {
						CreatedOnToolsVersion = 14.1;
					};
					3E97E1842962C16D007C1F14 = {
						CreatedOnToolsVersion = 14.1;
						TestTargetID = 3E97E16E2962C16C007C1F14;
					};
					3E97E18E2962C16D007C1F14 = {
						CreatedOnToolsVersion = 14.1;
						TestTargetID = 3E97E16E2962C16C007C1F14;
					};
				};
			};
			buildConfigurationList = 3E97E16A2962C16C007C1F14 /* Build configuration list for PBXProject "Wordle" */;
			compatibilityVersion = "Xcode 14.0";
			developmentRegion = en;
			hasScannedForEncodings = 0;
			knownRegions = (
				en,
				Base,
			);
			mainGroup = 3E97E1662962C16C007C1F14;
			productRefGroup = 3E97E1702962C16C007C1F14 /* Products */;
			projectDirPath = "";
			projectRoot = "";
			targets = (
				3E97E16E2962C16C007C1F14 /* Wordle */,
				3E97E1842962C16D007C1F14 /* WordleTests */,
				3E97E18E2962C16D007C1F14 /* WordleUITests */,
			);
		};
/* End PBXProject section */

/* Begin PBXResourcesBuildPhase section */
		3E97E16D2962C16C007C1F14 /* Resources */ = {
			isa = PBXResourcesBuildPhase;
			buildActionMask = 2147483647;
			files = (
				3E97E17F2962C16D007C1F14 /* LaunchScreen.storyboard in Resources */,
				3E97E17C2962C16D007C1F14 /* Assets.xcassets in Resources */,
				3E97E17A2962C16C007C1F14 /* Main.storyboard in Resources */,
			);
			runOnlyForDeploymentPostprocessing = 0;
		};
		3E97E1832962C16D007C1F14 /* Resources */ = {
			isa = PBXResourcesBuildPhase;
			buildActionMask = 2147483647;
			files = (
			);
			runOnlyForDeploymentPostprocessing = 0;
		};
		3E97E18D2962C16D007C1F14 /* Resources */ = {
			isa = PBXResourcesBuildPhase;
			buildActionMask = 2147483647;
			files = (
			);
			runOnlyForDeploymentPostprocessing = 0;
		};
/* End PBXResourcesBuildPhase section */

/* Begin PBXSourcesBuildPhase section */
		3E97E16B2962C16C007C1F14 /* Sources */ = {
			isa = PBXSourcesBuildPhase;
			buildActionMask = 2147483647;
			files = (
				3E97E1772962C16C007C1F14 /* ViewController.swift in Sources */,
				3E97E1732962C16C007C1F14 /* AppDelegate.swift in Sources */,
				3E97E1752962C16C007C1F14 /* SceneDelegate.swift in Sources */,
				3E97E1A92962EA08007C1F14 /* KeyCell.swift in Sources */,
				3E97E1A52962C348007C1F14 /* KeyboardViewController.swift in Sources */,
				3E97E1A72962C381007C1F14 /* BoardViewController.swift in Sources */,
			);
			runOnlyForDeploymentPostprocessing = 0;
		};
		3E97E1812962C16D007C1F14 /* Sources */ = {
			isa = PBXSourcesBuildPhase;
			buildActionMask = 2147483647;
			files = (
				3E97E18A2962C16D007C1F14 /* WordleTests.swift in Sources */,
			);
			runOnlyForDeploymentPostprocessing = 0;
		};
		3E97E18B2962C16D007C1F14 /* Sources */ = {
			isa = PBXSourcesBuildPhase;
			buildActionMask = 2147483647;
			files = (
				3E97E1942962C16D007C1F14 /* WordleUITests.swift in Sources */,
				3E97E1962962C16D007C1F14 /* WordleUITestsLaunchTests.swift in Sources */,
			);
			runOnlyForDeploymentPostprocessing = 0;
		};
/* End PBXSourcesBuildPhase section */

/* Begin PBXTargetDependency section */
		3E97E1872962C16D007C1F14 /* PBXTargetDependency */ = {
			isa = PBXTargetDependency;
			target = 3E97E16E2962C16C007C1F14 /* Wordle */;
			targetProxy = 3E97E1862962C16D007C1F14 /* PBXContainerItemProxy */;
		};
		3E97E1912962C16D007C1F14 /* PBXTargetDependency */ = {
			isa = PBXTargetDependency;
			target = 3E97E16E2962C16C007C1F14 /* Wordle */;
			targetProxy = 3E97E1902962C16D007C1F14 /* PBXContainerItemProxy */;
		};
/* End PBXTargetDependency section */

/* Begin PBXVariantGroup section */
		3E97E1782962C16C007C1F14 /* Main.storyboard */ = {
			isa = PBXVariantGroup;
			children = (
				3E97E1792962C16C007C1F14 /* Base */,
			);
			name = Main.storyboard;
			sourceTree = "<group>";
		};
		3E97E17D2962C16D007C1F14 /* LaunchScreen.storyboard */ = {
			isa = PBXVariantGroup;
			children = (
				3E97E17E2962C16D007C1F14 /* Base */,
			);
			name = LaunchScreen.storyboard;
			sourceTree = "<group>";
		};
/* End PBXVariantGroup section */

/* Begin XCBuildConfiguration section */
		3E97E1972962C16D007C1F14 /* Debug */ = {
			isa = XCBuildConfiguration;
			buildSettings = {
				ALWAYS_SEARCH_USER_PATHS = NO;
				CLANG_ANALYZER_NONNULL = YES;
				CLANG_ANALYZER_NUMBER_OBJECT_CONVERSION = YES_AGGRESSIVE;
				CLANG_CXX_LANGUAGE_STANDARD = "gnu++20";
				CLANG_ENABLE_MODULES = YES;
				CLANG_ENABLE_OBJC_ARC = YES;
				CLANG_ENABLE_OBJC_WEAK = YES;
				CLANG_WARN_BLOCK_CAPTURE_AUTORELEASING = YES;
				CLANG_WARN_BOOL_CONVERSION = YES;
				CLANG_WARN_COMMA = YES;
				CLANG_WARN_CONSTANT_CONVERSION = YES;
				CLANG_WARN_DEPRECATED_OBJC_IMPLEMENTATIONS = YES;
				CLANG_WARN_DIRECT_OBJC_ISA_USAGE = YES_ERROR;
				CLANG_WARN_DOCUMENTATION_COMMENTS = YES;
				CLANG_WARN_EMPTY_BODY = YES;
				CLANG_WARN_ENUM_CONVERSION = YES;
				CLANG_WARN_INFINITE_RECURSION = YES;
				CLANG_WARN_INT_CONVERSION = YES;
				CLANG_WARN_NON_LITERAL_NULL_CONVERSION = YES;
				CLANG_WARN_OBJC_IMPLICIT_RETAIN_SELF = YES;
				CLANG_WARN_OBJC_LITERAL_CONVERSION = YES;
				CLANG_WARN_OBJC_ROOT_CLASS = YES_ERROR;
				CLANG_WARN_QUOTED_INCLUDE_IN_FRAMEWORK_HEADER = YES;
				CLANG_WARN_RANGE_LOOP_ANALYSIS = YES;
				CLANG_WARN_STRICT_PROTOTYPES = YES;
				CLANG_WARN_SUSPICIOUS_MOVE = YES;
				CLANG_WARN_UNGUARDED_AVAILABILITY = YES_AGGRESSIVE;
				CLANG_WARN_UNREACHABLE_CODE = YES;
				CLANG_WARN__DUPLICATE_METHOD_MATCH = YES;
				COPY_PHASE_STRIP = NO;
				DEBUG_INFORMATION_FORMAT = dwarf;
				ENABLE_STRICT_OBJC_MSGSEND = YES;
				ENABLE_TESTABILITY = YES;
				GCC_C_LANGUAGE_STANDARD = gnu11;
				GCC_DYNAMIC_NO_PIC = NO;
				GCC_NO_COMMON_BLOCKS = YES;
				GCC_OPTIMIZATION_LEVEL = 0;
				GCC_PREPROCESSOR_DEFINITIONS = (
					"DEBUG=1",
					"$(inherited)",
				);
				GCC_WARN_64_TO_32_BIT_CONVERSION = YES;
				GCC_WARN_ABOUT_RETURN_TYPE = YES_ERROR;
				GCC_WARN_UNDECLARED_SELECTOR = YES;
				GCC_WARN_UNINITIALIZED_AUTOS = YES_AGGRESSIVE;
				GCC_WARN_UNUSED_FUNCTION = YES;
				GCC_WARN_UNUSED_VARIABLE = YES;
				IPHONEOS_DEPLOYMENT_TARGET = 16.1;
				MTL_ENABLE_DEBUG_INFO = INCLUDE_SOURCE;
				MTL_FAST_MATH = YES;
				ONLY_ACTIVE_ARCH = YES;
				SDKROOT = iphoneos;
				SWIFT_ACTIVE_COMPILATION_CONDITIONS = DEBUG;
				SWIFT_OPTIMIZATION_LEVEL = "-Onone";
			};
			name = Debug;
		};
		3E97E1982962C16D007C1F14 /* Release */ = {
			isa = XCBuildConfiguration;
			buildSettings = {
				ALWAYS_SEARCH_USER_PATHS = NO;
				CLANG_ANALYZER_NONNULL = YES;
				CLANG_ANALYZER_NUMBER_OBJECT_CONVERSION = YES_AGGRESSIVE;
				CLANG_CXX_LANGUAGE_STANDARD = "gnu++20";
				CLANG_ENABLE_MODULES = YES;
				CLANG_ENABLE_OBJC_ARC = YES;
				CLANG_ENABLE_OBJC_WEAK = YES;
				CLANG_WARN_BLOCK_CAPTURE_AUTORELEASING = YES;
				CLANG_WARN_BOOL_CONVERSION = YES;
				CLANG_WARN_COMMA = YES;
				CLANG_WARN_CONSTANT_CONVERSION = YES;
				CLANG_WARN_DEPRECATED_OBJC_IMPLEMENTATIONS = YES;
				CLANG_WARN_DIRECT_OBJC_ISA_USAGE = YES_ERROR;
				CLANG_WARN_DOCUMENTATION_COMMENTS = YES;
				CLANG_WARN_EMPTY_BODY = YES;
				CLANG_WARN_ENUM_CONVERSION = YES;
				CLANG_WARN_INFINITE_RECURSION = YES;
				CLANG_WARN_INT_CONVERSION = YES;
				CLANG_WARN_NON_LITERAL_NULL_CONVERSION = YES;
				CLANG_WARN_OBJC_IMPLICIT_RETAIN_SELF = YES;
				CLANG_WARN_OBJC_LITERAL_CONVERSION = YES;
				CLANG_WARN_OBJC_ROOT_CLASS = YES_ERROR;
				CLANG_WARN_QUOTED_INCLUDE_IN_FRAMEWORK_HEADER = YES;
				CLANG_WARN_RANGE_LOOP_ANALYSIS = YES;
				CLANG_WARN_STRICT_PROTOTYPES = YES;
				CLANG_WARN_SUSPICIOUS_MOVE = YES;
				CLANG_WARN_UNGUARDED_AVAILABILITY = YES_AGGRESSIVE;
				CLANG_WARN_UNREACHABLE_CODE = YES;
				CLANG_WARN__DUPLICATE_METHOD_MATCH = YES;
				COPY_PHASE_STRIP = NO;
				DEBUG_INFORMATION_FORMAT = "dwarf-with-dsym";
				ENABLE_NS_ASSERTIONS = NO;
				ENABLE_STRICT_OBJC_MSGSEND = YES;
				GCC_C_LANGUAGE_STANDARD = gnu11;
				GCC_NO_COMMON_BLOCKS = YES;
				GCC_WARN_64_TO_32_BIT_CONVERSION = YES;
				GCC_WARN_ABOUT_RETURN_TYPE = YES_ERROR;
				GCC_WARN_UNDECLARED_SELECTOR = YES;
				GCC_WARN_UNINITIALIZED_AUTOS = YES_AGGRESSIVE;
				GCC_WARN_UNUSED_FUNCTION = YES;
				GCC_WARN_UNUSED_VARIABLE = YES;
				IPHONEOS_DEPLOYMENT_TARGET = 16.1;
				MTL_ENABLE_DEBUG_INFO = NO;
				MTL_FAST_MATH = YES;
				SDKROOT = iphoneos;
				SWIFT_COMPILATION_MODE = wholemodule;
				SWIFT_OPTIMIZATION_LEVEL = "-O";
				VALIDATE_PRODUCT = YES;
			};
			name = Release;
		};
		3E97E19A2962C16D007C1F14 /* Debug */ = {
			isa = XCBuildConfiguration;
			buildSettings = {
				ASSETCATALOG_COMPILER_APPICON_NAME = AppIcon;
				ASSETCATALOG_COMPILER_GLOBAL_ACCENT_COLOR_NAME = AccentColor;
				CODE_SIGN_STYLE = Automatic;
				CURRENT_PROJECT_VERSION = 1;
				DEVELOPMENT_TEAM = C89SAU24W5;
				GENERATE_INFOPLIST_FILE = YES;
				INFOPLIST_FILE = Wordle/Info.plist;
				INFOPLIST_KEY_UIApplicationSupportsIndirectInputEvents = YES;
				INFOPLIST_KEY_UILaunchStoryboardName = LaunchScreen;
				INFOPLIST_KEY_UIMainStoryboardFile = Main;
				INFOPLIST_KEY_UISupportedInterfaceOrientations_iPad = "UIInterfaceOrientationPortrait UIInterfaceOrientationPortraitUpsideDown UIInterfaceOrientationLandscapeLeft UIInterfaceOrientationLandscapeRight";
				INFOPLIST_KEY_UISupportedInterfaceOrientations_iPhone = "UIInterfaceOrientationPortrait UIInterfaceOrientationLandscapeLeft UIInterfaceOrientationLandscapeRight";
				LD_RUNPATH_SEARCH_PATHS = (
					"$(inherited)",
					"@executable_path/Frameworks",
				);
				MARKETING_VERSION = 1.0;
				PRODUCT_BUNDLE_IDENTIFIER = com.pluralsight.Wordle;
				PRODUCT_NAME = "$(TARGET_NAME)";
				SWIFT_EMIT_LOC_STRINGS = YES;
				SWIFT_VERSION = 5.0;
				TARGETED_DEVICE_FAMILY = "1,2";
			};
			name = Debug;
		};
		3E97E19B2962C16D007C1F14 /* Release */ = {
			isa = XCBuildConfiguration;
			buildSettings = {
				ASSETCATALOG_COMPILER_APPICON_NAME = AppIcon;
				ASSETCATALOG_COMPILER_GLOBAL_ACCENT_COLOR_NAME = AccentColor;
				CODE_SIGN_STYLE = Automatic;
				CURRENT_PROJECT_VERSION = 1;
				DEVELOPMENT_TEAM = C89SAU24W5;
				GENERATE_INFOPLIST_FILE = YES;
				INFOPLIST_FILE = Wordle/Info.plist;
				INFOPLIST_KEY_UIApplicationSupportsIndirectInputEvents = YES;
				INFOPLIST_KEY_UILaunchStoryboardName = LaunchScreen;
				INFOPLIST_KEY_UIMainStoryboardFile = Main;
				INFOPLIST_KEY_UISupportedInterfaceOrientations_iPad = "UIInterfaceOrientationPortrait UIInterfaceOrientationPortraitUpsideDown UIInterfaceOrientationLandscapeLeft UIInterfaceOrientationLandscapeRight";
				INFOPLIST_KEY_UISupportedInterfaceOrientations_iPhone = "UIInterfaceOrientationPortrait UIInterfaceOrientationLandscapeLeft UIInterfaceOrientationLandscapeRight";
				LD_RUNPATH_SEARCH_PATHS = (
					"$(inherited)",
					"@executable_path/Frameworks",
				);
				MARKETING_VERSION = 1.0;
				PRODUCT_BUNDLE_IDENTIFIER = com.pluralsight.Wordle;
				PRODUCT_NAME = "$(TARGET_NAME)";
				SWIFT_EMIT_LOC_STRINGS = YES;
				SWIFT_VERSION = 5.0;
				TARGETED_DEVICE_FAMILY = "1,2";
			};
			name = Release;
		};
		3E97E19D2962C16D007C1F14 /* Debug */ = {
			isa = XCBuildConfiguration;
			buildSettings = {
				ALWAYS_EMBED_SWIFT_STANDARD_LIBRARIES = YES;
				BUNDLE_LOADER = "$(TEST_HOST)";
				CODE_SIGN_STYLE = Automatic;
				CURRENT_PROJECT_VERSION = 1;
				DEVELOPMENT_TEAM = C89SAU24W5;
				GENERATE_INFOPLIST_FILE = YES;
				IPHONEOS_DEPLOYMENT_TARGET = 16.1;
				MARKETING_VERSION = 1.0;
				PRODUCT_BUNDLE_IDENTIFIER = com.pluralsight.WordleTests;
				PRODUCT_NAME = "$(TARGET_NAME)";
				SWIFT_EMIT_LOC_STRINGS = NO;
				SWIFT_VERSION = 5.0;
				TARGETED_DEVICE_FAMILY = "1,2";
				TEST_HOST = "$(BUILT_PRODUCTS_DIR)/Wordle.app/$(BUNDLE_EXECUTABLE_FOLDER_PATH)/Wordle";
			};
			name = Debug;
		};
		3E97E19E2962C16D007C1F14 /* Release */ = {
			isa = XCBuildConfiguration;
			buildSettings = {
				ALWAYS_EMBED_SWIFT_STANDARD_LIBRARIES = YES;
				BUNDLE_LOADER = "$(TEST_HOST)";
				CODE_SIGN_STYLE = Automatic;
				CURRENT_PROJECT_VERSION = 1;
				DEVELOPMENT_TEAM = C89SAU24W5;
				GENERATE_INFOPLIST_FILE = YES;
				IPHONEOS_DEPLOYMENT_TARGET = 16.1;
				MARKETING_VERSION = 1.0;
				PRODUCT_BUNDLE_IDENTIFIER = com.pluralsight.WordleTests;
				PRODUCT_NAME = "$(TARGET_NAME)";
				SWIFT_EMIT_LOC_STRINGS = NO;
				SWIFT_VERSION = 5.0;
				TARGETED_DEVICE_FAMILY = "1,2";
				TEST_HOST = "$(BUILT_PRODUCTS_DIR)/Wordle.app/$(BUNDLE_EXECUTABLE_FOLDER_PATH)/Wordle";
			};
			name = Release;
		};
		3E97E1A02962C16D007C1F14 /* Debug */ = {
			isa = XCBuildConfiguration;
			buildSettings = {
				ALWAYS_EMBED_SWIFT_STANDARD_LIBRARIES = YES;
				CODE_SIGN_STYLE = Automatic;
				CURRENT_PROJECT_VERSION = 1;
				DEVELOPMENT_TEAM = C89SAU24W5;
				GENERATE_INFOPLIST_FILE = YES;
				MARKETING_VERSION = 1.0;
				PRODUCT_BUNDLE_IDENTIFIER = com.pluralsight.WordleUITests;
				PRODUCT_NAME = "$(TARGET_NAME)";
				SWIFT_EMIT_LOC_STRINGS = NO;
				SWIFT_VERSION = 5.0;
				TARGETED_DEVICE_FAMILY = "1,2";
				TEST_TARGET_NAME = Wordle;
			};
			name = Debug;
		};
		3E97E1A12962C16D007C1F14 /* Release */ = {
			isa = XCBuildConfiguration;
			buildSettings = {
				ALWAYS_EMBED_SWIFT_STANDARD_LIBRARIES = YES;
				CODE_SIGN_STYLE = Automatic;
				CURRENT_PROJECT_VERSION = 1;
				DEVELOPMENT_TEAM = C89SAU24W5;
				GENERATE_INFOPLIST_FILE = YES;
				MARKETING_VERSION = 1.0;
				PRODUCT_BUNDLE_IDENTIFIER = com.pluralsight.WordleUITests;
				PRODUCT_NAME = "$(TARGET_NAME)";
				SWIFT_EMIT_LOC_STRINGS = NO;
				SWIFT_VERSION = 5.0;
				TARGETED_DEVICE_FAMILY = "1,2";
				TEST_TARGET_NAME = Wordle;
			};
			name = Release;
		};
/* End XCBuildConfiguration section */

/* Begin XCConfigurationList section */
		3E97E16A2962C16C007C1F14 /* Build configuration list for PBXProject "Wordle" */ = {
			isa = XCConfigurationList;
			buildConfigurations = (
				3E97E1972962C16D007C1F14 /* Debug */,
				3E97E1982962C16D007C1F14 /* Release */,
			);
			defaultConfigurationIsVisible = 0;
			defaultConfigurationName = Release;
		};
		3E97E1992962C16D007C1F14 /* Build configuration list for PBXNativeTarget "Wordle" */ = {
			isa = XCConfigurationList;
			buildConfigurations = (
				3E97E19A2962C16D007C1F14 /* Debug */,
				3E97E19B2962C16D007C1F14 /* Release */,
			);
			defaultConfigurationIsVisible = 0;
			defaultConfigurationName = Release;
		};
		3E97E19C2962C16D007C1F14 /* Build configuration list for PBXNativeTarget "WordleTests" */ = {
			isa = XCConfigurationList;
			buildConfigurations = (
				3E97E19D2962C16D007C1F14 /* Debug */,
				3E97E19E2962C16D007C1F14 /* Release */,
			);
			defaultConfigurationIsVisible = 0;
			defaultConfigurationName = Release;
		};
		3E97E19F2962C16D007C1F14 /* Build configuration list for PBXNativeTarget "WordleUITests" */ = {
			isa = XCConfigurationList;
			buildConfigurations = (
				3E97E1A02962C16D007C1F14 /* Debug */,
				3E97E1A12962C16D007C1F14 /* Release */,
			);
			defaultConfigurationIsVisible = 0;
			defaultConfigurationName = Release;
		};
/* End XCConfigurationList section */
	};
	rootObject = 3E97E1672962C16C007C1F14 /* Project object */;
}
